
Microsoft Visual Studio Solution File, Format Version 12.00
# Visual Studio Version 17
VisualStudioVersion = 17.6.33815.320
MinimumVisualStudioVersion = 10.0.40219.1
Project("{FAE04EC0-301F-11D3-BF4B-00C04F79EFBC}") = "ISUP1", "ISUP1\ISUP1.csproj", "{7FEA1579-6FCD-4DA9-81A9-7D2E6C8C8F94}"
EndProject
Global
	GlobalSection(SolutionConfigurationPlatforms) = preSolution
		Debug|Any CPU = Debug|Any CPU
		Release|Any CPU = Release|Any CPU
	EndGlobalSection
	GlobalSection(ProjectConfigurationPlatforms) = postSolution
		{7FEA1579-6FCD-4DA9-81A9-7D2E6C8C8F94}.Debug|Any CPU.ActiveCfg = Debug|Any CPU
		{7FEA1579-6FCD-4DA9-81A9-7D2E6C8C8F94}.Debug|Any CPU.Build.0 = Debug|Any CPU
		{7FEA1579-6FCD-4DA9-81A9-7D2E6C8C8F94}.Release|Any CPU.ActiveCfg = Release|Any CPU
		{7FEA1579-6FCD-4DA9-81A9-7D2E6C8C8F94}.Release|Any CPU.Build.0 = Release|Any CPU
	EndGlobalSection
	GlobalSection(SolutionProperties) = preSolution
		HideSolutionNode = FALSE
	EndGlobalSection
	GlobalSection(ExtensibilityGlobals) = postSolution
		SolutionGuid = {D8095A36-40AF-42F1-8DF5-41FE9E5E3DC5}
	EndGlobalSection
EndGlobal
